
Microsoft Visual Studio Solution File, Format Version 12.00
# Visual Studio Version 16
VisualStudioVersion = 16.0.31605.320
MinimumVisualStudioVersion = 10.0.40219.1
Project("{FAE04EC0-301F-11D3-BF4B-00C04F79EFBC}") = "CommCalc", "CommCalc\CommCalc.csproj", "{B9EFD319-997C-47A5-91F7-BA9205F4FFF6}"
EndProject
Global
	GlobalSection(SolutionConfigurationPlatforms) = preSolution
		Debug|Any CPU = Debug|Any CPU
		Release|Any CPU = Release|Any CPU
	EndGlobalSection
	GlobalSection(ProjectConfigurationPlatforms) = postSolution
		{B9EFD319-997C-47A5-91F7-BA9205F4FFF6}.Debug|Any CPU.ActiveCfg = Debug|Any CPU
		{B9EFD319-997C-47A5-91F7-BA9205F4FFF6}.Debug|Any CPU.Build.0 = Debug|Any CPU
		{B9EFD319-997C-47A5-91F7-BA9205F4FFF6}.Release|Any CPU.ActiveCfg = Release|Any CPU
		{B9EFD319-997C-47A5-91F7-BA9205F4FFF6}.Release|Any CPU.Build.0 = Release|Any CPU
	EndGlobalSection
	GlobalSection(SolutionProperties) = preSolution
		HideSolutionNode = FALSE
	EndGlobalSection
	GlobalSection(ExtensibilityGlobals) = postSolution
		SolutionGuid = {39DF6D41-5FA0-4986-9D29-65ADB233DEC1}
	EndGlobalSection
EndGlobal
